
Microsoft Visual Studio Solution File, Format Version 12.00
# Visual Studio Version 17
VisualStudioVersion = 17.9.34701.34
MinimumVisualStudioVersion = 10.0.40219.1
Project("{9A19103F-16F7-4668-BE54-9A1E7A4F7556}") = "CartDaoApp", "Cart\CartDaoApp.csproj", "{67672D4F-420A-4511-AEB5-A96A9A9B2E47}"
EndProject
Global
	GlobalSection(SolutionConfigurationPlatforms) = preSolution
		Debug|Any CPU = Debug|Any CPU
		Release|Any CPU = Release|Any CPU
	EndGlobalSection
	GlobalSection(ProjectConfigurationPlatforms) = postSolution
		{67672D4F-420A-4511-AEB5-A96A9A9B2E47}.Debug|Any CPU.ActiveCfg = Debug|Any CPU
		{67672D4F-420A-4511-AEB5-A96A9A9B2E47}.Debug|Any CPU.Build.0 = Debug|Any CPU
		{67672D4F-420A-4511-AEB5-A96A9A9B2E47}.Release|Any CPU.ActiveCfg = Release|Any CPU
		{67672D4F-420A-4511-AEB5-A96A9A9B2E47}.Release|Any CPU.Build.0 = Release|Any CPU
	EndGlobalSection
	GlobalSection(SolutionProperties) = preSolution
		HideSolutionNode = FALSE
	EndGlobalSection
	GlobalSection(ExtensibilityGlobals) = postSolution
		SolutionGuid = {DFB93FBB-DE03-4031-B956-80F97B842767}
	EndGlobalSection
EndGlobal
